
Microsoft Visual Studio Solution File, Format Version 12.00
# Visual Studio 15
VisualStudioVersion = 15.0.28307.779
MinimumVisualStudioVersion = 10.0.40219.1
Project("{FAE04EC0-301F-11D3-BF4B-00C04F79EFBC}") = "BusinessLogicLayer", "BusinessLogicLayer\BusinessLogicLayer.csproj", "{ECA4D3DF-157D-40CB-A698-8C7A0840B715}"
EndProject
Project("{FAE04EC0-301F-11D3-BF4B-00C04F79EFBC}") = "DatabaseAccessLayer", "DatabaseAccessLayer\DatabaseAccessLayer.csproj", "{298E92E5-2E70-450F-872D-AB077020C2D4}"
EndProject
Project("{FAE04EC0-301F-11D3-BF4B-00C04F79EFBC}") = "PresentationLayer", "PresentationLayer\PresentationLayer.csproj", "{91D3BB36-09CD-499C-AA45-02877873E93A}"
EndProject
Project("{FAE04EC0-301F-11D3-BF4B-00C04F79EFBC}") = "ValueObject", "ValueObject\ValueObject.csproj", "{0B989ED7-A822-4EDA-B624-68DA7FC7419B}"
EndProject
Project("{FAE04EC0-301F-11D3-BF4B-00C04F79EFBC}") = "Utility", "Utility\Utility.csproj", "{F96785F9-BAEC-430D-A870-E21FB8BB5D63}"
EndProject
Project("{FAE04EC0-301F-11D3-BF4B-00C04F79EFBC}") = "ConsoleApp2EF", "ConsoleApp2EF\ConsoleApp2EF.csproj", "{3F56F8FA-2F1D-42BF-A453-CBB126AEE545}"
EndProject
Project("{FAE04EC0-301F-11D3-BF4B-00C04F79EFBC}") = "PresentationLayer.Client", "PresentationLayer.Client\PresentationLayer.Client.csproj", "{15398C50-D3E4-487C-BA16-20FC7DDE5553}"
EndProject
Global
	GlobalSection(SolutionConfigurationPlatforms) = preSolution
		Debug|Any CPU = Debug|Any CPU
		Release|Any CPU = Release|Any CPU
	EndGlobalSection
	GlobalSection(ProjectConfigurationPlatforms) = postSolution
		{ECA4D3DF-157D-40CB-A698-8C7A0840B715}.Debug|Any CPU.ActiveCfg = Debug|Any CPU
		{ECA4D3DF-157D-40CB-A698-8C7A0840B715}.Debug|Any CPU.Build.0 = Debug|Any CPU
		{ECA4D3DF-157D-40CB-A698-8C7A0840B715}.Release|Any CPU.ActiveCfg = Release|Any CPU
		{ECA4D3DF-157D-40CB-A698-8C7A0840B715}.Release|Any CPU.Build.0 = Release|Any CPU
		{298E92E5-2E70-450F-872D-AB077020C2D4}.Debug|Any CPU.ActiveCfg = Debug|Any CPU
		{298E92E5-2E70-450F-872D-AB077020C2D4}.Debug|Any CPU.Build.0 = Debug|Any CPU
		{298E92E5-2E70-450F-872D-AB077020C2D4}.Release|Any CPU.ActiveCfg = Release|Any CPU
		{298E92E5-2E70-450F-872D-AB077020C2D4}.Release|Any CPU.Build.0 = Release|Any CPU
		{91D3BB36-09CD-499C-AA45-02877873E93A}.Debug|Any CPU.ActiveCfg = Debug|Any CPU
		{91D3BB36-09CD-499C-AA45-02877873E93A}.Debug|Any CPU.Build.0 = Debug|Any CPU
		{91D3BB36-09CD-499C-AA45-02877873E93A}.Release|Any CPU.ActiveCfg = Release|Any CPU
		{91D3BB36-09CD-499C-AA45-02877873E93A}.Release|Any CPU.Build.0 = Release|Any CPU
		{0B989ED7-A822-4EDA-B624-68DA7FC7419B}.Debug|Any CPU.ActiveCfg = Debug|Any CPU
		{0B989ED7-A822-4EDA-B624-68DA7FC7419B}.Debug|Any CPU.Build.0 = Debug|Any CPU
		{0B989ED7-A822-4EDA-B624-68DA7FC7419B}.Release|Any CPU.ActiveCfg = Release|Any CPU
		{0B989ED7-A822-4EDA-B624-68DA7FC7419B}.Release|Any CPU.Build.0 = Release|Any CPU
		{F96785F9-BAEC-430D-A870-E21FB8BB5D63}.Debug|Any CPU.ActiveCfg = Debug|Any CPU
		{F96785F9-BAEC-430D-A870-E21FB8BB5D63}.Debug|Any CPU.Build.0 = Debug|Any CPU
		{F96785F9-BAEC-430D-A870-E21FB8BB5D63}.Release|Any CPU.ActiveCfg = Release|Any CPU
		{F96785F9-BAEC-430D-A870-E21FB8BB5D63}.Release|Any CPU.Build.0 = Release|Any CPU
		{3F56F8FA-2F1D-42BF-A453-CBB126AEE545}.Debug|Any CPU.ActiveCfg = Debug|Any CPU
		{3F56F8FA-2F1D-42BF-A453-CBB126AEE545}.Debug|Any CPU.Build.0 = Debug|Any CPU
		{3F56F8FA-2F1D-42BF-A453-CBB126AEE545}.Release|Any CPU.ActiveCfg = Release|Any CPU
		{3F56F8FA-2F1D-42BF-A453-CBB126AEE545}.Release|Any CPU.Build.0 = Release|Any CPU
		{15398C50-D3E4-487C-BA16-20FC7DDE5553}.Debug|Any CPU.ActiveCfg = Debug|Any CPU
		{15398C50-D3E4-487C-BA16-20FC7DDE5553}.Debug|Any CPU.Build.0 = Debug|Any CPU
		{15398C50-D3E4-487C-BA16-20FC7DDE5553}.Release|Any CPU.ActiveCfg = Release|Any CPU
		{15398C50-D3E4-487C-BA16-20FC7DDE5553}.Release|Any CPU.Build.0 = Release|Any CPU
	EndGlobalSection
	GlobalSection(SolutionProperties) = preSolution
		HideSolutionNode = FALSE
	EndGlobalSection
	GlobalSection(ExtensibilityGlobals) = postSolution
		SolutionGuid = {5FDA21FF-31EF-4C1A-B449-742EF5AFB29D}
	EndGlobalSection
EndGlobal
