
Microsoft Visual Studio Solution File, Format Version 12.00
# Visual Studio 15
VisualStudioVersion = 15.0.28307.779
MinimumVisualStudioVersion = 10.0.40219.1
Project("{FAE04EC0-301F-11D3-BF4B-00C04F79EFBC}") = "SimpleEntranceExaminationSystem", "SimpleEntranceExaminationSystem\SimpleEntranceExaminationSystem.csproj", "{C487E961-D881-4D57-BB1F-BF5F9EC70FEA}"
EndProject
Global
	GlobalSection(SolutionConfigurationPlatforms) = preSolution
		Debug|Any CPU = Debug|Any CPU
		Release|Any CPU = Release|Any CPU
	EndGlobalSection
	GlobalSection(ProjectConfigurationPlatforms) = postSolution
		{C487E961-D881-4D57-BB1F-BF5F9EC70FEA}.Debug|Any CPU.ActiveCfg = Debug|Any CPU
		{C487E961-D881-4D57-BB1F-BF5F9EC70FEA}.Debug|Any CPU.Build.0 = Debug|Any CPU
		{C487E961-D881-4D57-BB1F-BF5F9EC70FEA}.Release|Any CPU.ActiveCfg = Release|Any CPU
		{C487E961-D881-4D57-BB1F-BF5F9EC70FEA}.Release|Any CPU.Build.0 = Release|Any CPU
	EndGlobalSection
	GlobalSection(SolutionProperties) = preSolution
		HideSolutionNode = FALSE
	EndGlobalSection
	GlobalSection(ExtensibilityGlobals) = postSolution
		SolutionGuid = {5FDA21FF-31EF-4C1A-B449-742EF5AFB29D}
	EndGlobalSection
EndGlobal
